
Microsoft Visual Studio Solution File, Format Version 12.00
# Visual Studio Version 17
VisualStudioVersion = 17.5.33424.131
MinimumVisualStudioVersion = 10.0.40219.1
Project("{8BC9CEB8-8B4A-11D0-8D11-00A0C91BC942}") = "OOP 2023", "OOP 2023\OOP 2023.vcxproj", "{833F43D4-4730-4D6F-9EE9-661273B96BC5}"
EndProject
Project("{8BC9CEB8-8B4A-11D0-8D11-00A0C91BC942}") = "01_Procedural style", "01_Procedural style\01_Procedural style.vcxproj", "{839C5CA7-FA84-4147-AF60-1C7BDDFF2F67}"
EndProject
Project("{8BC9CEB8-8B4A-11D0-8D11-00A0C91BC942}") = "02_OOP (Car )", "02_OOP (Car )\02_OOP (Car ).vcxproj", "{884BFE4D-CAE6-4B74-AF82-5C9C255328D0}"
EndProject
Project("{8BC9CEB8-8B4A-11D0-8D11-00A0C91BC942}") = "03_Incapsulation (Car)", "03_Incapsulation (Car)\03_Incapsulation (Car).vcxproj", "{318CDF04-7583-40CE-AF93-F40B603BCA04}"
EndProject
Project("{8BC9CEB8-8B4A-11D0-8D11-00A0C91BC942}") = "04_Point ctor dtor", "04_Point ctor dtor\04_Point ctor dtor.vcxproj", "{9630AF67-1848-46A3-9553-171468B69CB2}"
EndProject
Project("{8BC9CEB8-8B4A-11D0-8D11-00A0C91BC942}") = "00_Check__", "00_Check__\00_Check__.vcxproj", "{A6806E03-0E67-4287-9855-E3407551AF70}"
EndProject
Project("{8BC9CEB8-8B4A-11D0-8D11-00A0C91BC942}") = "05_Cascade ctor  and Copy ctor", "05_Cascade ctor  and Copy ctor\05_Cascade ctor  and Copy ctor.vcxproj", "{5137A04D-6778-40B5-966A-8F164059782B}"
EndProject
Project("{8BC9CEB8-8B4A-11D0-8D11-00A0C91BC942}") = "06_Copy  ctor (with dynamic)", "06_Copy  ctor (with dynamic)\06_Copy  ctor (with dynamic).vcxproj", "{20A35587-5DEF-4C60-8FBA-2FAD1368A4BA}"
EndProject
Project("{8BC9CEB8-8B4A-11D0-8D11-00A0C91BC942}") = "07_Static data and methods", "07_Static data and methods\07_Static data and methods.vcxproj", "{DA4871E0-D15B-4690-9C7F-CA1D65C8B4C0}"
EndProject
Project("{8BC9CEB8-8B4A-11D0-8D11-00A0C91BC942}") = "08_Association", "08_Aggregation\08_Aggregation.vcxproj", "{28D0FE14-8B05-4FCD-B5E8-BFCD4C5FDB34}"
EndProject
Project("{8BC9CEB8-8B4A-11D0-8D11-00A0C91BC942}") = "09_Composition", "09_Composition\09_Composition.vcxproj", "{6410666C-B5B4-4CD6-9710-082257B5BA7E}"
EndProject
Project("{8BC9CEB8-8B4A-11D0-8D11-00A0C91BC942}") = "10_Friends", "10_Friends\10_Friends.vcxproj", "{0F781232-A031-4A39-8A0F-9CC38A363E1D}"
EndProject
Project("{8BC9CEB8-8B4A-11D0-8D11-00A0C91BC942}") = "11_Operator overloading", "11_Operator overloading\11_Operator overloading.vcxproj", "{F13D1DCC-620F-40A2-AB39-D23D832EBA91}"
EndProject
Project("{8BC9CEB8-8B4A-11D0-8D11-00A0C91BC942}") = "12_Overloading op = []", "Overloading op = []\Overloading op = [].vcxproj", "{6478F10D-2A2F-4A01-8650-CE7E1E9B69CC}"
EndProject
Project("{2150E333-8FDC-42A3-9474-1A3956D46DE8}") = "01_Intro", "01_Intro", "{729ECE93-CDA0-40D5-BC9B-A7F5934D05AF}"
EndProject
Project("{2150E333-8FDC-42A3-9474-1A3956D46DE8}") = "02_Class realtions(aggreg, composition)", "02_Class realtions(aggreg, composition)", "{2C546B53-7028-4BC1-9F5A-49DEB6179A91}"
EndProject
Project("{2150E333-8FDC-42A3-9474-1A3956D46DE8}") = "03_Operator overloading", "03_Operator overloading", "{1746DE8E-6354-4CFD-BD96-FC7288B2C85B}"
EndProject
Project("{2150E333-8FDC-42A3-9474-1A3956D46DE8}") = "04_Inheritance", "04_Inheritance", "{B54E4376-2C6A-4E7E-BDD3-D8DF9547D554}"
EndProject
Project("{8BC9CEB8-8B4A-11D0-8D11-00A0C91BC942}") = "13_Inheritance", "13_Inheritance\13_Inheritance.vcxproj", "{6274DAD1-143E-4BD5-967B-5C05FD56926D}"
EndProject
Project("{8BC9CEB8-8B4A-11D0-8D11-00A0C91BC942}") = "14_Multi inheritance", "Multi inheritance\Multi inheritance.vcxproj", "{DCA48B58-2FF1-4566-88CC-3554648BA466}"
EndProject
Project("{8BC9CEB8-8B4A-11D0-8D11-00A0C91BC942}") = "15_Diamond problem", "15_Diamond problem\15_Diamond problem.vcxproj", "{8DCD11A1-0A18-4F5B-B4A7-36708BAC3A77}"
EndProject
Project("{8BC9CEB8-8B4A-11D0-8D11-00A0C91BC942}") = "16_Resolve diamond problem", "16_Resolve diamond problem\16_Resolve diamond problem.vcxproj", "{DA0BF846-A372-4B45-9D70-D0C4113229F0}"
EndProject
Project("{8BC9CEB8-8B4A-11D0-8D11-00A0C91BC942}") = "demo dynamic", "demo dynamic\demo dynamic.vcxproj", "{1B227098-8684-4F37-9EE5-483B3A56F4E0}"
EndProject
Project("{2150E333-8FDC-42A3-9474-1A3956D46DE8}") = "Polymprphism Abst class", "Polymprphism Abst class", "{1EB960F8-32B1-49B1-B560-43D0620CE751}"
EndProject
Project("{8BC9CEB8-8B4A-11D0-8D11-00A0C91BC942}") = "17_Polymorphism (virtual func)", "17_Polymorphism (virtual func)\17_Polymorphism (virtual func).vcxproj", "{79A71C3B-AFB3-4882-9BD5-6BE054FFE463}"
EndProject
Project("{8BC9CEB8-8B4A-11D0-8D11-00A0C91BC942}") = "18_Abstr class", "18_Abstr class\18_Abstr class.vcxproj", "{CFE7AD9C-7FB6-41C3-8F92-C2BC0A6178AC}"
EndProject
Project("{2150E333-8FDC-42A3-9474-1A3956D46DE8}") = "Demo", "Demo", "{C174ED14-6C2E-493C-92AA-6C8D2D048703}"
EndProject
Project("{8BC9CEB8-8B4A-11D0-8D11-00A0C91BC942}") = "19_Interfaces", "19_Interfaces\19_Interfaces.vcxproj", "{FAB7FF49-EECC-4053-A7D6-A93374512D65}"
EndProject
Project("{8BC9CEB8-8B4A-11D0-8D11-00A0C91BC942}") = "20_Interfaces conflict(ex with MS C++)", "20_Interfaces conflict(ex with MS C++)\20_Interfaces conflict(ex with MS C++).vcxproj", "{BDBC0BC3-3D33-4EBE-8393-8C2B92DDCF23}"
EndProject
Project("{8BC9CEB8-8B4A-11D0-8D11-00A0C91BC942}") = "demo zao", "demo zao\demo zao.vcxproj", "{55806A28-6FA2-4CCB-898E-E45A44CAD3F0}"
EndProject
Project("{8BC9CEB8-8B4A-11D0-8D11-00A0C91BC942}") = "demo ctors", "demo ctors\demo ctors.vcxproj", "{F68822A8-7478-41EA-9F91-DE9ED2E21689}"
EndProject
Project("{2150E333-8FDC-42A3-9474-1A3956D46DE8}") = "Error handling", "Error handling", "{F0FC676E-6700-4231-A1CA-7A9F6F489159}"
EndProject
Project("{8BC9CEB8-8B4A-11D0-8D11-00A0C91BC942}") = "19_Throw and Catch Exception", "19_Throw and Catch Exception\19_Throw and Catch Exception.vcxproj", "{F9F36E65-91E5-47BB-9035-1E5428C7EF45}"
EndProject
Project("{8BC9CEB8-8B4A-11D0-8D11-00A0C91BC942}") = "20_Std exceptions", "20_Std exceptions\20_Std exceptions.vcxproj", "{2D61D9FC-6370-4F58-95FD-D0E64E8FFF31}"
EndProject
Project("{8BC9CEB8-8B4A-11D0-8D11-00A0C91BC942}") = "21_Use Std exc", "21_Use Std exc\21_Use Std exc.vcxproj", "{79DEAAF3-6FC3-4F4C-8DD2-3AB9D829D40A}"
EndProject
Project("{8BC9CEB8-8B4A-11D0-8D11-00A0C91BC942}") = "22_User exception class", "22_User exception class\22_User exception class.vcxproj", "{EEED8380-8100-42EE-ABAC-E23360BBCF0E}"
EndProject
Project("{2150E333-8FDC-42A3-9474-1A3956D46DE8}") = "Class Templates", "Class Templates", "{EB1BDCC9-445E-403E-8D1A-9AB6FB5D143C}"
EndProject
Project("{8BC9CEB8-8B4A-11D0-8D11-00A0C91BC942}") = "23_class template", "23_class template\23_class template.vcxproj", "{C10C8C97-FEFE-4523-82DC-C236D64569C0}"
EndProject
Project("{8BC9CEB8-8B4A-11D0-8D11-00A0C91BC942}") = "23_User ex class (inherits std except)", "23_User ex class (inherits std except)\23_User ex class (inherits std except).vcxproj", "{246ED689-9E5B-4E7C-9439-4BC4964E393B}"
EndProject
Project("{8BC9CEB8-8B4A-11D0-8D11-00A0C91BC942}") = "24_STL  vector", "24_STL  vector and deque\24_STL  vector and deque.vcxproj", "{94D864F3-B355-4E77-9EC2-9DA673B39114}"
EndProject
Project("{2150E333-8FDC-42A3-9474-1A3956D46DE8}") = "STL", "STL", "{891A31C2-D5D7-42CA-80DD-0608573F4197}"
EndProject
Project("{8BC9CEB8-8B4A-11D0-8D11-00A0C91BC942}") = "25_STL_deque", "25_STL_deque\25_STL_deque.vcxproj", "{8C6C7DEC-2553-4D0D-9EE6-BCBE057EFAD5}"
EndProject
Project("{8BC9CEB8-8B4A-11D0-8D11-00A0C91BC942}") = "25_STL set", "25_STL set\25_STL set.vcxproj", "{3A3214D3-7F51-4351-B6B2-62770D390A00}"
EndProject
Project("{8BC9CEB8-8B4A-11D0-8D11-00A0C91BC942}") = "Final work Ex", "Final work Ex\Final work Ex.vcxproj", "{626D357D-9888-4C72-A309-DE19E11D89E6}"
EndProject
Project("{8BC9CEB8-8B4A-11D0-8D11-00A0C91BC942}") = "27_STL_map", "27_STL_map\27_STL_map.vcxproj", "{B0F596E6-B77B-4ECD-9CFA-A2F6E1B940EB}"
EndProject
Global
	GlobalSection(SolutionConfigurationPlatforms) = preSolution
		Debug|Any CPU = Debug|Any CPU
		Debug|x64 = Debug|x64
		Debug|x86 = Debug|x86
		Release|Any CPU = Release|Any CPU
		Release|x64 = Release|x64
		Release|x86 = Release|x86
	EndGlobalSection
	GlobalSection(ProjectConfigurationPlatforms) = postSolution
		{833F43D4-4730-4D6F-9EE9-661273B96BC5}.Debug|Any CPU.ActiveCfg = Debug|x64
		{833F43D4-4730-4D6F-9EE9-661273B96BC5}.Debug|Any CPU.Build.0 = Debug|x64
		{833F43D4-4730-4D6F-9EE9-661273B96BC5}.Debug|x64.ActiveCfg = Debug|x64
		{833F43D4-4730-4D6F-9EE9-661273B96BC5}.Debug|x64.Build.0 = Debug|x64
		{833F43D4-4730-4D6F-9EE9-661273B96BC5}.Debug|x86.ActiveCfg = Debug|Win32
		{833F43D4-4730-4D6F-9EE9-661273B96BC5}.Debug|x86.Build.0 = Debug|Win32
		{833F43D4-4730-4D6F-9EE9-661273B96BC5}.Release|Any CPU.ActiveCfg = Release|x64
		{833F43D4-4730-4D6F-9EE9-661273B96BC5}.Release|Any CPU.Build.0 = Release|x64
		{833F43D4-4730-4D6F-9EE9-661273B96BC5}.Release|x64.ActiveCfg = Release|x64
		{833F43D4-4730-4D6F-9EE9-661273B96BC5}.Release|x64.Build.0 = Release|x64
		{833F43D4-4730-4D6F-9EE9-661273B96BC5}.Release|x86.ActiveCfg = Release|Win32
		{833F43D4-4730-4D6F-9EE9-661273B96BC5}.Release|x86.Build.0 = Release|Win32
		{839C5CA7-FA84-4147-AF60-1C7BDDFF2F67}.Debug|Any CPU.ActiveCfg = Debug|x64
		{839C5CA7-FA84-4147-AF60-1C7BDDFF2F67}.Debug|Any CPU.Build.0 = Debug|x64
		{839C5CA7-FA84-4147-AF60-1C7BDDFF2F67}.Debug|x64.ActiveCfg = Debug|x64
		{839C5CA7-FA84-4147-AF60-1C7BDDFF2F67}.Debug|x64.Build.0 = Debug|x64
		{839C5CA7-FA84-4147-AF60-1C7BDDFF2F67}.Debug|x86.ActiveCfg = Debug|Win32
		{839C5CA7-FA84-4147-AF60-1C7BDDFF2F67}.Debug|x86.Build.0 = Debug|Win32
		{839C5CA7-FA84-4147-AF60-1C7BDDFF2F67}.Release|Any CPU.ActiveCfg = Release|x64
		{839C5CA7-FA84-4147-AF60-1C7BDDFF2F67}.Release|Any CPU.Build.0 = Release|x64
		{839C5CA7-FA84-4147-AF60-1C7BDDFF2F67}.Release|x64.ActiveCfg = Release|x64
		{839C5CA7-FA84-4147-AF60-1C7BDDFF2F67}.Release|x64.Build.0 = Release|x64
		{839C5CA7-FA84-4147-AF60-1C7BDDFF2F67}.Release|x86.ActiveCfg = Release|Win32
		{839C5CA7-FA84-4147-AF60-1C7BDDFF2F67}.Release|x86.Build.0 = Release|Win32
		{884BFE4D-CAE6-4B74-AF82-5C9C255328D0}.Debug|Any CPU.ActiveCfg = Debug|x64
		{884BFE4D-CAE6-4B74-AF82-5C9C255328D0}.Debug|Any CPU.Build.0 = Debug|x64
		{884BFE4D-CAE6-4B74-AF82-5C9C255328D0}.Debug|x64.ActiveCfg = Debug|x64
		{884BFE4D-CAE6-4B74-AF82-5C9C255328D0}.Debug|x64.Build.0 = Debug|x64
		{884BFE4D-CAE6-4B74-AF82-5C9C255328D0}.Debug|x86.ActiveCfg = Debug|Win32
		{884BFE4D-CAE6-4B74-AF82-5C9C255328D0}.Debug|x86.Build.0 = Debug|Win32
		{884BFE4D-CAE6-4B74-AF82-5C9C255328D0}.Release|Any CPU.ActiveCfg = Release|x64
		{884BFE4D-CAE6-4B74-AF82-5C9C255328D0}.Release|Any CPU.Build.0 = Release|x64
		{884BFE4D-CAE6-4B74-AF82-5C9C255328D0}.Release|x64.ActiveCfg = Release|x64
		{884BFE4D-CAE6-4B74-AF82-5C9C255328D0}.Release|x64.Build.0 = Release|x64
		{884BFE4D-CAE6-4B74-AF82-5C9C255328D0}.Release|x86.ActiveCfg = Release|Win32
		{884BFE4D-CAE6-4B74-AF82-5C9C255328D0}.Release|x86.Build.0 = Release|Win32
		{318CDF04-7583-40CE-AF93-F40B603BCA04}.Debug|Any CPU.ActiveCfg = Debug|x64
		{318CDF04-7583-40CE-AF93-F40B603BCA04}.Debug|Any CPU.Build.0 = Debug|x64
		{318CDF04-7583-40CE-AF93-F40B603BCA04}.Debug|x64.ActiveCfg = Debug|x64
		{318CDF04-7583-40CE-AF93-F40B603BCA04}.Debug|x64.Build.0 = Debug|x64
		{318CDF04-7583-40CE-AF93-F40B603BCA04}.Debug|x86.ActiveCfg = Debug|Win32
		{318CDF04-7583-40CE-AF93-F40B603BCA04}.Debug|x86.Build.0 = Debug|Win32
		{318CDF04-7583-40CE-AF93-F40B603BCA04}.Release|Any CPU.ActiveCfg = Release|x64
		{318CDF04-7583-40CE-AF93-F40B603BCA04}.Release|Any CPU.Build.0 = Release|x64
		{318CDF04-7583-40CE-AF93-F40B603BCA04}.Release|x64.ActiveCfg = Release|x64
		{318CDF04-7583-40CE-AF93-F40B603BCA04}.Release|x64.Build.0 = Release|x64
		{318CDF04-7583-40CE-AF93-F40B603BCA04}.Release|x86.ActiveCfg = Release|Win32
		{318CDF04-7583-40CE-AF93-F40B603BCA04}.Release|x86.Build.0 = Release|Win32
		{9630AF67-1848-46A3-9553-171468B69CB2}.Debug|Any CPU.ActiveCfg = Debug|x64
		{9630AF67-1848-46A3-9553-171468B69CB2}.Debug|Any CPU.Build.0 = Debug|x64
		{9630AF67-1848-46A3-9553-171468B69CB2}.Debug|x64.ActiveCfg = Debug|x64
		{9630AF67-1848-46A3-9553-171468B69CB2}.Debug|x64.Build.0 = Debug|x64
		{9630AF67-1848-46A3-9553-171468B69CB2}.Debug|x86.ActiveCfg = Debug|Win32
		{9630AF67-1848-46A3-9553-171468B69CB2}.Debug|x86.Build.0 = Debug|Win32
		{9630AF67-1848-46A3-9553-171468B69CB2}.Release|Any CPU.ActiveCfg = Release|x64
		{9630AF67-1848-46A3-9553-171468B69CB2}.Release|Any CPU.Build.0 = Release|x64
		{9630AF67-1848-46A3-9553-171468B69CB2}.Release|x64.ActiveCfg = Release|x64
		{9630AF67-1848-46A3-9553-171468B69CB2}.Release|x64.Build.0 = Release|x64
		{9630AF67-1848-46A3-9553-171468B69CB2}.Release|x86.ActiveCfg = Release|Win32
		{9630AF67-1848-46A3-9553-171468B69CB2}.Release|x86.Build.0 = Release|Win32
		{A6806E03-0E67-4287-9855-E3407551AF70}.Debug|Any CPU.ActiveCfg = Debug|x64
		{A6806E03-0E67-4287-9855-E3407551AF70}.Debug|Any CPU.Build.0 = Debug|x64
		{A6806E03-0E67-4287-9855-E3407551AF70}.Debug|x64.ActiveCfg = Debug|x64
		{A6806E03-0E67-4287-9855-E3407551AF70}.Debug|x64.Build.0 = Debug|x64
		{A6806E03-0E67-4287-9855-E3407551AF70}.Debug|x86.ActiveCfg = Debug|Win32
		{A6806E03-0E67-4287-9855-E3407551AF70}.Debug|x86.Build.0 = Debug|Win32
		{A6806E03-0E67-4287-9855-E3407551AF70}.Release|Any CPU.ActiveCfg = Release|x64
		{A6806E03-0E67-4287-9855-E3407551AF70}.Release|Any CPU.Build.0 = Release|x64
		{A6806E03-0E67-4287-9855-E3407551AF70}.Release|x64.ActiveCfg = Release|x64
		{A6806E03-0E67-4287-9855-E3407551AF70}.Release|x64.Build.0 = Release|x64
		{A6806E03-0E67-4287-9855-E3407551AF70}.Release|x86.ActiveCfg = Release|Win32
		{A6806E03-0E67-4287-9855-E3407551AF70}.Release|x86.Build.0 = Release|Win32
		{5137A04D-6778-40B5-966A-8F164059782B}.Debug|Any CPU.ActiveCfg = Debug|x64
		{5137A04D-6778-40B5-966A-8F164059782B}.Debug|Any CPU.Build.0 = Debug|x64
		{5137A04D-6778-40B5-966A-8F164059782B}.Debug|x64.ActiveCfg = Debug|x64
		{5137A04D-6778-40B5-966A-8F164059782B}.Debug|x64.Build.0 = Debug|x64
		{5137A04D-6778-40B5-966A-8F164059782B}.Debug|x86.ActiveCfg = Debug|Win32
		{5137A04D-6778-40B5-966A-8F164059782B}.Debug|x86.Build.0 = Debug|Win32
		{5137A04D-6778-40B5-966A-8F164059782B}.Release|Any CPU.ActiveCfg = Release|x64
		{5137A04D-6778-40B5-966A-8F164059782B}.Release|Any CPU.Build.0 = Release|x64
		{5137A04D-6778-40B5-966A-8F164059782B}.Release|x64.ActiveCfg = Release|x64
		{5137A04D-6778-40B5-966A-8F164059782B}.Release|x64.Build.0 = Release|x64
		{5137A04D-6778-40B5-966A-8F164059782B}.Release|x86.ActiveCfg = Release|Win32
		{5137A04D-6778-40B5-966A-8F164059782B}.Release|x86.Build.0 = Release|Win32
		{20A35587-5DEF-4C60-8FBA-2FAD1368A4BA}.Debug|Any CPU.ActiveCfg = Debug|x64
		{20A35587-5DEF-4C60-8FBA-2FAD1368A4BA}.Debug|Any CPU.Build.0 = Debug|x64
		{20A35587-5DEF-4C60-8FBA-2FAD1368A4BA}.Debug|x64.ActiveCfg = Debug|x64
		{20A35587-5DEF-4C60-8FBA-2FAD1368A4BA}.Debug|x64.Build.0 = Debug|x64
		{20A35587-5DEF-4C60-8FBA-2FAD1368A4BA}.Debug|x86.ActiveCfg = Debug|Win32
		{20A35587-5DEF-4C60-8FBA-2FAD1368A4BA}.Debug|x86.Build.0 = Debug|Win32
		{20A35587-5DEF-4C60-8FBA-2FAD1368A4BA}.Release|Any CPU.ActiveCfg = Release|x64
		{20A35587-5DEF-4C60-8FBA-2FAD1368A4BA}.Release|Any CPU.Build.0 = Release|x64
		{20A35587-5DEF-4C60-8FBA-2FAD1368A4BA}.Release|x64.ActiveCfg = Release|x64
		{20A35587-5DEF-4C60-8FBA-2FAD1368A4BA}.Release|x64.Build.0 = Release|x64
		{20A35587-5DEF-4C60-8FBA-2FAD1368A4BA}.Release|x86.ActiveCfg = Release|Win32
		{20A35587-5DEF-4C60-8FBA-2FAD1368A4BA}.Release|x86.Build.0 = Release|Win32
		{DA4871E0-D15B-4690-9C7F-CA1D65C8B4C0}.Debug|Any CPU.ActiveCfg = Debug|x64
		{DA4871E0-D15B-4690-9C7F-CA1D65C8B4C0}.Debug|Any CPU.Build.0 = Debug|x64
		{DA4871E0-D15B-4690-9C7F-CA1D65C8B4C0}.Debug|x64.ActiveCfg = Debug|x64
		{DA4871E0-D15B-4690-9C7F-CA1D65C8B4C0}.Debug|x64.Build.0 = Debug|x64
		{DA4871E0-D15B-4690-9C7F-CA1D65C8B4C0}.Debug|x86.ActiveCfg = Debug|Win32
		{DA4871E0-D15B-4690-9C7F-CA1D65C8B4C0}.Debug|x86.Build.0 = Debug|Win32
		{DA4871E0-D15B-4690-9C7F-CA1D65C8B4C0}.Release|Any CPU.ActiveCfg = Release|x64
		{DA4871E0-D15B-4690-9C7F-CA1D65C8B4C0}.Release|Any CPU.Build.0 = Release|x64
		{DA4871E0-D15B-4690-9C7F-CA1D65C8B4C0}.Release|x64.ActiveCfg = Release|x64
		{DA4871E0-D15B-4690-9C7F-CA1D65C8B4C0}.Release|x64.Build.0 = Release|x64
		{DA4871E0-D15B-4690-9C7F-CA1D65C8B4C0}.Release|x86.ActiveCfg = Release|Win32
		{DA4871E0-D15B-4690-9C7F-CA1D65C8B4C0}.Release|x86.Build.0 = Release|Win32
		{28D0FE14-8B05-4FCD-B5E8-BFCD4C5FDB34}.Debug|Any CPU.ActiveCfg = Debug|x64
		{28D0FE14-8B05-4FCD-B5E8-BFCD4C5FDB34}.Debug|Any CPU.Build.0 = Debug|x64
		{28D0FE14-8B05-4FCD-B5E8-BFCD4C5FDB34}.Debug|x64.ActiveCfg = Debug|x64
		{28D0FE14-8B05-4FCD-B5E8-BFCD4C5FDB34}.Debug|x64.Build.0 = Debug|x64
		{28D0FE14-8B05-4FCD-B5E8-BFCD4C5FDB34}.Debug|x86.ActiveCfg = Debug|Win32
		{28D0FE14-8B05-4FCD-B5E8-BFCD4C5FDB34}.Debug|x86.Build.0 = Debug|Win32
		{28D0FE14-8B05-4FCD-B5E8-BFCD4C5FDB34}.Release|Any CPU.ActiveCfg = Release|x64
		{28D0FE14-8B05-4FCD-B5E8-BFCD4C5FDB34}.Release|Any CPU.Build.0 = Release|x64
		{28D0FE14-8B05-4FCD-B5E8-BFCD4C5FDB34}.Release|x64.ActiveCfg = Release|x64
		{28D0FE14-8B05-4FCD-B5E8-BFCD4C5FDB34}.Release|x64.Build.0 = Release|x64
		{28D0FE14-8B05-4FCD-B5E8-BFCD4C5FDB34}.Release|x86.ActiveCfg = Release|Win32
		{28D0FE14-8B05-4FCD-B5E8-BFCD4C5FDB34}.Release|x86.Build.0 = Release|Win32
		{6410666C-B5B4-4CD6-9710-082257B5BA7E}.Debug|Any CPU.ActiveCfg = Debug|x64
		{6410666C-B5B4-4CD6-9710-082257B5BA7E}.Debug|Any CPU.Build.0 = Debug|x64
		{6410666C-B5B4-4CD6-9710-082257B5BA7E}.Debug|x64.ActiveCfg = Debug|x64
		{6410666C-B5B4-4CD6-9710-082257B5BA7E}.Debug|x64.Build.0 = Debug|x64
		{6410666C-B5B4-4CD6-9710-082257B5BA7E}.Debug|x86.ActiveCfg = Debug|Win32
		{6410666C-B5B4-4CD6-9710-082257B5BA7E}.Debug|x86.Build.0 = Debug|Win32
		{6410666C-B5B4-4CD6-9710-082257B5BA7E}.Release|Any CPU.ActiveCfg = Release|x64
		{6410666C-B5B4-4CD6-9710-082257B5BA7E}.Release|Any CPU.Build.0 = Release|x64
		{6410666C-B5B4-4CD6-9710-082257B5BA7E}.Release|x64.ActiveCfg = Release|x64
		{6410666C-B5B4-4CD6-9710-082257B5BA7E}.Release|x64.Build.0 = Release|x64
		{6410666C-B5B4-4CD6-9710-082257B5BA7E}.Release|x86.ActiveCfg = Release|Win32
		{6410666C-B5B4-4CD6-9710-082257B5BA7E}.Release|x86.Build.0 = Release|Win32
		{0F781232-A031-4A39-8A0F-9CC38A363E1D}.Debug|Any CPU.ActiveCfg = Debug|x64
		{0F781232-A031-4A39-8A0F-9CC38A363E1D}.Debug|Any CPU.Build.0 = Debug|x64
		{0F781232-A031-4A39-8A0F-9CC38A363E1D}.Debug|x64.ActiveCfg = Debug|x64
		{0F781232-A031-4A39-8A0F-9CC38A363E1D}.Debug|x64.Build.0 = Debug|x64
		{0F781232-A031-4A39-8A0F-9CC38A363E1D}.Debug|x86.ActiveCfg = Debug|Win32
		{0F781232-A031-4A39-8A0F-9CC38A363E1D}.Debug|x86.Build.0 = Debug|Win32
		{0F781232-A031-4A39-8A0F-9CC38A363E1D}.Release|Any CPU.ActiveCfg = Release|x64
		{0F781232-A031-4A39-8A0F-9CC38A363E1D}.Release|Any CPU.Build.0 = Release|x64
		{0F781232-A031-4A39-8A0F-9CC38A363E1D}.Release|x64.ActiveCfg = Release|x64
		{0F781232-A031-4A39-8A0F-9CC38A363E1D}.Release|x64.Build.0 = Release|x64
		{0F781232-A031-4A39-8A0F-9CC38A363E1D}.Release|x86.ActiveCfg = Release|Win32
		{0F781232-A031-4A39-8A0F-9CC38A363E1D}.Release|x86.Build.0 = Release|Win32
		{F13D1DCC-620F-40A2-AB39-D23D832EBA91}.Debug|Any CPU.ActiveCfg = Debug|x64
		{F13D1DCC-620F-40A2-AB39-D23D832EBA91}.Debug|Any CPU.Build.0 = Debug|x64
		{F13D1DCC-620F-40A2-AB39-D23D832EBA91}.Debug|x64.ActiveCfg = Debug|x64
		{F13D1DCC-620F-40A2-AB39-D23D832EBA91}.Debug|x64.Build.0 = Debug|x64
		{F13D1DCC-620F-40A2-AB39-D23D832EBA91}.Debug|x86.ActiveCfg = Debug|Win32
		{F13D1DCC-620F-40A2-AB39-D23D832EBA91}.Debug|x86.Build.0 = Debug|Win32
		{F13D1DCC-620F-40A2-AB39-D23D832EBA91}.Release|Any CPU.ActiveCfg = Release|x64
		{F13D1DCC-620F-40A2-AB39-D23D832EBA91}.Release|Any CPU.Build.0 = Release|x64
		{F13D1DCC-620F-40A2-AB39-D23D832EBA91}.Release|x64.ActiveCfg = Release|x64
		{F13D1DCC-620F-40A2-AB39-D23D832EBA91}.Release|x64.Build.0 = Release|x64
		{F13D1DCC-620F-40A2-AB39-D23D832EBA91}.Release|x86.ActiveCfg = Release|Win32
		{F13D1DCC-620F-40A2-AB39-D23D832EBA91}.Release|x86.Build.0 = Release|Win32
		{6478F10D-2A2F-4A01-8650-CE7E1E9B69CC}.Debug|Any CPU.ActiveCfg = Debug|x64
		{6478F10D-2A2F-4A01-8650-CE7E1E9B69CC}.Debug|Any CPU.Build.0 = Debug|x64
		{6478F10D-2A2F-4A01-8650-CE7E1E9B69CC}.Debug|x64.ActiveCfg = Debug|x64
		{6478F10D-2A2F-4A01-8650-CE7E1E9B69CC}.Debug|x64.Build.0 = Debug|x64
		{6478F10D-2A2F-4A01-8650-CE7E1E9B69CC}.Debug|x86.ActiveCfg = Debug|Win32
		{6478F10D-2A2F-4A01-8650-CE7E1E9B69CC}.Debug|x86.Build.0 = Debug|Win32
		{6478F10D-2A2F-4A01-8650-CE7E1E9B69CC}.Release|Any CPU.ActiveCfg = Release|x64
		{6478F10D-2A2F-4A01-8650-CE7E1E9B69CC}.Release|Any CPU.Build.0 = Release|x64
		{6478F10D-2A2F-4A01-8650-CE7E1E9B69CC}.Release|x64.ActiveCfg = Release|x64
		{6478F10D-2A2F-4A01-8650-CE7E1E9B69CC}.Release|x64.Build.0 = Release|x64
		{6478F10D-2A2F-4A01-8650-CE7E1E9B69CC}.Release|x86.ActiveCfg = Release|Win32
		{6478F10D-2A2F-4A01-8650-CE7E1E9B69CC}.Release|x86.Build.0 = Release|Win32
		{6274DAD1-143E-4BD5-967B-5C05FD56926D}.Debug|Any CPU.ActiveCfg = Debug|x64
		{6274DAD1-143E-4BD5-967B-5C05FD56926D}.Debug|Any CPU.Build.0 = Debug|x64
		{6274DAD1-143E-4BD5-967B-5C05FD56926D}.Debug|x64.ActiveCfg = Debug|x64
		{6274DAD1-143E-4BD5-967B-5C05FD56926D}.Debug|x64.Build.0 = Debug|x64
		{6274DAD1-143E-4BD5-967B-5C05FD56926D}.Debug|x86.ActiveCfg = Debug|Win32
		{6274DAD1-143E-4BD5-967B-5C05FD56926D}.Debug|x86.Build.0 = Debug|Win32
		{6274DAD1-143E-4BD5-967B-5C05FD56926D}.Release|Any CPU.ActiveCfg = Release|x64
		{6274DAD1-143E-4BD5-967B-5C05FD56926D}.Release|Any CPU.Build.0 = Release|x64
		{6274DAD1-143E-4BD5-967B-5C05FD56926D}.Release|x64.ActiveCfg = Release|x64
		{6274DAD1-143E-4BD5-967B-5C05FD56926D}.Release|x64.Build.0 = Release|x64
		{6274DAD1-143E-4BD5-967B-5C05FD56926D}.Release|x86.ActiveCfg = Release|Win32
		{6274DAD1-143E-4BD5-967B-5C05FD56926D}.Release|x86.Build.0 = Release|Win32
		{DCA48B58-2FF1-4566-88CC-3554648BA466}.Debug|Any CPU.ActiveCfg = Debug|x64
		{DCA48B58-2FF1-4566-88CC-3554648BA466}.Debug|Any CPU.Build.0 = Debug|x64
		{DCA48B58-2FF1-4566-88CC-3554648BA466}.Debug|x64.ActiveCfg = Debug|x64
		{DCA48B58-2FF1-4566-88CC-3554648BA466}.Debug|x64.Build.0 = Debug|x64
		{DCA48B58-2FF1-4566-88CC-3554648BA466}.Debug|x86.ActiveCfg = Debug|Win32
		{DCA48B58-2FF1-4566-88CC-3554648BA466}.Debug|x86.Build.0 = Debug|Win32
		{DCA48B58-2FF1-4566-88CC-3554648BA466}.Release|Any CPU.ActiveCfg = Release|x64
		{DCA48B58-2FF1-4566-88CC-3554648BA466}.Release|Any CPU.Build.0 = Release|x64
		{DCA48B58-2FF1-4566-88CC-3554648BA466}.Release|x64.ActiveCfg = Release|x64
		{DCA48B58-2FF1-4566-88CC-3554648BA466}.Release|x64.Build.0 = Release|x64
		{DCA48B58-2FF1-4566-88CC-3554648BA466}.Release|x86.ActiveCfg = Release|Win32
		{DCA48B58-2FF1-4566-88CC-3554648BA466}.Release|x86.Build.0 = Release|Win32
		{8DCD11A1-0A18-4F5B-B4A7-36708BAC3A77}.Debug|Any CPU.ActiveCfg = Debug|x64
		{8DCD11A1-0A18-4F5B-B4A7-36708BAC3A77}.Debug|Any CPU.Build.0 = Debug|x64
		{8DCD11A1-0A18-4F5B-B4A7-36708BAC3A77}.Debug|x64.ActiveCfg = Debug|x64
		{8DCD11A1-0A18-4F5B-B4A7-36708BAC3A77}.Debug|x64.Build.0 = Debug|x64
		{8DCD11A1-0A18-4F5B-B4A7-36708BAC3A77}.Debug|x86.ActiveCfg = Debug|Win32
		{8DCD11A1-0A18-4F5B-B4A7-36708BAC3A77}.Debug|x86.Build.0 = Debug|Win32
		{8DCD11A1-0A18-4F5B-B4A7-36708BAC3A77}.Release|Any CPU.ActiveCfg = Release|x64
		{8DCD11A1-0A18-4F5B-B4A7-36708BAC3A77}.Release|Any CPU.Build.0 = Release|x64
		{8DCD11A1-0A18-4F5B-B4A7-36708BAC3A77}.Release|x64.ActiveCfg = Release|x64
		{8DCD11A1-0A18-4F5B-B4A7-36708BAC3A77}.Release|x64.Build.0 = Release|x64
		{8DCD11A1-0A18-4F5B-B4A7-36708BAC3A77}.Release|x86.ActiveCfg = Release|Win32
		{8DCD11A1-0A18-4F5B-B4A7-36708BAC3A77}.Release|x86.Build.0 = Release|Win32
		{DA0BF846-A372-4B45-9D70-D0C4113229F0}.Debug|Any CPU.ActiveCfg = Debug|x64
		{DA0BF846-A372-4B45-9D70-D0C4113229F0}.Debug|Any CPU.Build.0 = Debug|x64
		{DA0BF846-A372-4B45-9D70-D0C4113229F0}.Debug|x64.ActiveCfg = Debug|x64
		{DA0BF846-A372-4B45-9D70-D0C4113229F0}.Debug|x64.Build.0 = Debug|x64
		{DA0BF846-A372-4B45-9D70-D0C4113229F0}.Debug|x86.ActiveCfg = Debug|Win32
		{DA0BF846-A372-4B45-9D70-D0C4113229F0}.Debug|x86.Build.0 = Debug|Win32
		{DA0BF846-A372-4B45-9D70-D0C4113229F0}.Release|Any CPU.ActiveCfg = Release|x64
		{DA0BF846-A372-4B45-9D70-D0C4113229F0}.Release|Any CPU.Build.0 = Release|x64
		{DA0BF846-A372-4B45-9D70-D0C4113229F0}.Release|x64.ActiveCfg = Release|x64
		{DA0BF846-A372-4B45-9D70-D0C4113229F0}.Release|x64.Build.0 = Release|x64
		{DA0BF846-A372-4B45-9D70-D0C4113229F0}.Release|x86.ActiveCfg = Release|Win32
		{DA0BF846-A372-4B45-9D70-D0C4113229F0}.Release|x86.Build.0 = Release|Win32
		{1B227098-8684-4F37-9EE5-483B3A56F4E0}.Debug|Any CPU.ActiveCfg = Debug|x64
		{1B227098-8684-4F37-9EE5-483B3A56F4E0}.Debug|Any CPU.Build.0 = Debug|x64
		{1B227098-8684-4F37-9EE5-483B3A56F4E0}.Debug|x64.ActiveCfg = Debug|x64
		{1B227098-8684-4F37-9EE5-483B3A56F4E0}.Debug|x64.Build.0 = Debug|x64
		{1B227098-8684-4F37-9EE5-483B3A56F4E0}.Debug|x86.ActiveCfg = Debug|Win32
		{1B227098-8684-4F37-9EE5-483B3A56F4E0}.Debug|x86.Build.0 = Debug|Win32
		{1B227098-8684-4F37-9EE5-483B3A56F4E0}.Release|Any CPU.ActiveCfg = Release|x64
		{1B227098-8684-4F37-9EE5-483B3A56F4E0}.Release|Any CPU.Build.0 = Release|x64
		{1B227098-8684-4F37-9EE5-483B3A56F4E0}.Release|x64.ActiveCfg = Release|x64
		{1B227098-8684-4F37-9EE5-483B3A56F4E0}.Release|x64.Build.0 = Release|x64
		{1B227098-8684-4F37-9EE5-483B3A56F4E0}.Release|x86.ActiveCfg = Release|Win32
		{1B227098-8684-4F37-9EE5-483B3A56F4E0}.Release|x86.Build.0 = Release|Win32
		{79A71C3B-AFB3-4882-9BD5-6BE054FFE463}.Debug|Any CPU.ActiveCfg = Debug|x64
		{79A71C3B-AFB3-4882-9BD5-6BE054FFE463}.Debug|Any CPU.Build.0 = Debug|x64
		{79A71C3B-AFB3-4882-9BD5-6BE054FFE463}.Debug|x64.ActiveCfg = Debug|x64
		{79A71C3B-AFB3-4882-9BD5-6BE054FFE463}.Debug|x64.Build.0 = Debug|x64
		{79A71C3B-AFB3-4882-9BD5-6BE054FFE463}.Debug|x86.ActiveCfg = Debug|Win32
		{79A71C3B-AFB3-4882-9BD5-6BE054FFE463}.Debug|x86.Build.0 = Debug|Win32
		{79A71C3B-AFB3-4882-9BD5-6BE054FFE463}.Release|Any CPU.ActiveCfg = Release|x64
		{79A71C3B-AFB3-4882-9BD5-6BE054FFE463}.Release|Any CPU.Build.0 = Release|x64
		{79A71C3B-AFB3-4882-9BD5-6BE054FFE463}.Release|x64.ActiveCfg = Release|x64
		{79A71C3B-AFB3-4882-9BD5-6BE054FFE463}.Release|x64.Build.0 = Release|x64
		{79A71C3B-AFB3-4882-9BD5-6BE054FFE463}.Release|x86.ActiveCfg = Release|Win32
		{79A71C3B-AFB3-4882-9BD5-6BE054FFE463}.Release|x86.Build.0 = Release|Win32
		{CFE7AD9C-7FB6-41C3-8F92-C2BC0A6178AC}.Debug|Any CPU.ActiveCfg = Debug|x64
		{CFE7AD9C-7FB6-41C3-8F92-C2BC0A6178AC}.Debug|Any CPU.Build.0 = Debug|x64
		{CFE7AD9C-7FB6-41C3-8F92-C2BC0A6178AC}.Debug|x64.ActiveCfg = Debug|x64
		{CFE7AD9C-7FB6-41C3-8F92-C2BC0A6178AC}.Debug|x64.Build.0 = Debug|x64
		{CFE7AD9C-7FB6-41C3-8F92-C2BC0A6178AC}.Debug|x86.ActiveCfg = Debug|Win32
		{CFE7AD9C-7FB6-41C3-8F92-C2BC0A6178AC}.Debug|x86.Build.0 = Debug|Win32
		{CFE7AD9C-7FB6-41C3-8F92-C2BC0A6178AC}.Release|Any CPU.ActiveCfg = Release|x64
		{CFE7AD9C-7FB6-41C3-8F92-C2BC0A6178AC}.Release|Any CPU.Build.0 = Release|x64
		{CFE7AD9C-7FB6-41C3-8F92-C2BC0A6178AC}.Release|x64.ActiveCfg = Release|x64
		{CFE7AD9C-7FB6-41C3-8F92-C2BC0A6178AC}.Release|x64.Build.0 = Release|x64
		{CFE7AD9C-7FB6-41C3-8F92-C2BC0A6178AC}.Release|x86.ActiveCfg = Release|Win32
		{CFE7AD9C-7FB6-41C3-8F92-C2BC0A6178AC}.Release|x86.Build.0 = Release|Win32
		{FAB7FF49-EECC-4053-A7D6-A93374512D65}.Debug|Any CPU.ActiveCfg = Debug|x64
		{FAB7FF49-EECC-4053-A7D6-A93374512D65}.Debug|Any CPU.Build.0 = Debug|x64
		{FAB7FF49-EECC-4053-A7D6-A93374512D65}.Debug|x64.ActiveCfg = Debug|x64
		{FAB7FF49-EECC-4053-A7D6-A93374512D65}.Debug|x64.Build.0 = Debug|x64
		{FAB7FF49-EECC-4053-A7D6-A93374512D65}.Debug|x86.ActiveCfg = Debug|Win32
		{FAB7FF49-EECC-4053-A7D6-A93374512D65}.Debug|x86.Build.0 = Debug|Win32
		{FAB7FF49-EECC-4053-A7D6-A93374512D65}.Release|Any CPU.ActiveCfg = Release|x64
		{FAB7FF49-EECC-4053-A7D6-A93374512D65}.Release|Any CPU.Build.0 = Release|x64
		{FAB7FF49-EECC-4053-A7D6-A93374512D65}.Release|x64.ActiveCfg = Release|x64
		{FAB7FF49-EECC-4053-A7D6-A93374512D65}.Release|x64.Build.0 = Release|x64
		{FAB7FF49-EECC-4053-A7D6-A93374512D65}.Release|x86.ActiveCfg = Release|Win32
		{FAB7FF49-EECC-4053-A7D6-A93374512D65}.Release|x86.Build.0 = Release|Win32
		{BDBC0BC3-3D33-4EBE-8393-8C2B92DDCF23}.Debug|Any CPU.ActiveCfg = Debug|x64
		{BDBC0BC3-3D33-4EBE-8393-8C2B92DDCF23}.Debug|Any CPU.Build.0 = Debug|x64
		{BDBC0BC3-3D33-4EBE-8393-8C2B92DDCF23}.Debug|x64.ActiveCfg = Debug|x64
		{BDBC0BC3-3D33-4EBE-8393-8C2B92DDCF23}.Debug|x64.Build.0 = Debug|x64
		{BDBC0BC3-3D33-4EBE-8393-8C2B92DDCF23}.Debug|x86.ActiveCfg = Debug|Win32
		{BDBC0BC3-3D33-4EBE-8393-8C2B92DDCF23}.Debug|x86.Build.0 = Debug|Win32
		{BDBC0BC3-3D33-4EBE-8393-8C2B92DDCF23}.Release|Any CPU.ActiveCfg = Release|x64
		{BDBC0BC3-3D33-4EBE-8393-8C2B92DDCF23}.Release|Any CPU.Build.0 = Release|x64
		{BDBC0BC3-3D33-4EBE-8393-8C2B92DDCF23}.Release|x64.ActiveCfg = Release|x64
		{BDBC0BC3-3D33-4EBE-8393-8C2B92DDCF23}.Release|x64.Build.0 = Release|x64
		{BDBC0BC3-3D33-4EBE-8393-8C2B92DDCF23}.Release|x86.ActiveCfg = Release|Win32
		{BDBC0BC3-3D33-4EBE-8393-8C2B92DDCF23}.Release|x86.Build.0 = Release|Win32
		{55806A28-6FA2-4CCB-898E-E45A44CAD3F0}.Debug|Any CPU.ActiveCfg = Debug|x64
		{55806A28-6FA2-4CCB-898E-E45A44CAD3F0}.Debug|Any CPU.Build.0 = Debug|x64
		{55806A28-6FA2-4CCB-898E-E45A44CAD3F0}.Debug|x64.ActiveCfg = Debug|x64
		{55806A28-6FA2-4CCB-898E-E45A44CAD3F0}.Debug|x64.Build.0 = Debug|x64
		{55806A28-6FA2-4CCB-898E-E45A44CAD3F0}.Debug|x86.ActiveCfg = Debug|Win32
		{55806A28-6FA2-4CCB-898E-E45A44CAD3F0}.Debug|x86.Build.0 = Debug|Win32
		{55806A28-6FA2-4CCB-898E-E45A44CAD3F0}.Release|Any CPU.ActiveCfg = Release|x64
		{55806A28-6FA2-4CCB-898E-E45A44CAD3F0}.Release|Any CPU.Build.0 = Release|x64
		{55806A28-6FA2-4CCB-898E-E45A44CAD3F0}.Release|x64.ActiveCfg = Release|x64
		{55806A28-6FA2-4CCB-898E-E45A44CAD3F0}.Release|x64.Build.0 = Release|x64
		{55806A28-6FA2-4CCB-898E-E45A44CAD3F0}.Release|x86.ActiveCfg = Release|Win32
		{55806A28-6FA2-4CCB-898E-E45A44CAD3F0}.Release|x86.Build.0 = Release|Win32
		{F68822A8-7478-41EA-9F91-DE9ED2E21689}.Debug|Any CPU.ActiveCfg = Debug|x64
		{F68822A8-7478-41EA-9F91-DE9ED2E21689}.Debug|Any CPU.Build.0 = Debug|x64
		{F68822A8-7478-41EA-9F91-DE9ED2E21689}.Debug|x64.ActiveCfg = Debug|x64
		{F68822A8-7478-41EA-9F91-DE9ED2E21689}.Debug|x64.Build.0 = Debug|x64
		{F68822A8-7478-41EA-9F91-DE9ED2E21689}.Debug|x86.ActiveCfg = Debug|Win32
		{F68822A8-7478-41EA-9F91-DE9ED2E21689}.Debug|x86.Build.0 = Debug|Win32
		{F68822A8-7478-41EA-9F91-DE9ED2E21689}.Release|Any CPU.ActiveCfg = Release|x64
		{F68822A8-7478-41EA-9F91-DE9ED2E21689}.Release|Any CPU.Build.0 = Release|x64
		{F68822A8-7478-41EA-9F91-DE9ED2E21689}.Release|x64.ActiveCfg = Release|x64
		{F68822A8-7478-41EA-9F91-DE9ED2E21689}.Release|x64.Build.0 = Release|x64
		{F68822A8-7478-41EA-9F91-DE9ED2E21689}.Release|x86.ActiveCfg = Release|Win32
		{F68822A8-7478-41EA-9F91-DE9ED2E21689}.Release|x86.Build.0 = Release|Win32
		{F9F36E65-91E5-47BB-9035-1E5428C7EF45}.Debug|Any CPU.ActiveCfg = Debug|x64
		{F9F36E65-91E5-47BB-9035-1E5428C7EF45}.Debug|Any CPU.Build.0 = Debug|x64
		{F9F36E65-91E5-47BB-9035-1E5428C7EF45}.Debug|x64.ActiveCfg = Debug|x64
		{F9F36E65-91E5-47BB-9035-1E5428C7EF45}.Debug|x64.Build.0 = Debug|x64
		{F9F36E65-91E5-47BB-9035-1E5428C7EF45}.Debug|x86.ActiveCfg = Debug|Win32
		{F9F36E65-91E5-47BB-9035-1E5428C7EF45}.Debug|x86.Build.0 = Debug|Win32
		{F9F36E65-91E5-47BB-9035-1E5428C7EF45}.Release|Any CPU.ActiveCfg = Release|x64
		{F9F36E65-91E5-47BB-9035-1E5428C7EF45}.Release|Any CPU.Build.0 = Release|x64
		{F9F36E65-91E5-47BB-9035-1E5428C7EF45}.Release|x64.ActiveCfg = Release|x64
		{F9F36E65-91E5-47BB-9035-1E5428C7EF45}.Release|x64.Build.0 = Release|x64
		{F9F36E65-91E5-47BB-9035-1E5428C7EF45}.Release|x86.ActiveCfg = Release|Win32
		{F9F36E65-91E5-47BB-9035-1E5428C7EF45}.Release|x86.Build.0 = Release|Win32
		{2D61D9FC-6370-4F58-95FD-D0E64E8FFF31}.Debug|Any CPU.ActiveCfg = Debug|x64
		{2D61D9FC-6370-4F58-95FD-D0E64E8FFF31}.Debug|Any CPU.Build.0 = Debug|x64
		{2D61D9FC-6370-4F58-95FD-D0E64E8FFF31}.Debug|x64.ActiveCfg = Debug|x64
		{2D61D9FC-6370-4F58-95FD-D0E64E8FFF31}.Debug|x64.Build.0 = Debug|x64
		{2D61D9FC-6370-4F58-95FD-D0E64E8FFF31}.Debug|x86.ActiveCfg = Debug|Win32
		{2D61D9FC-6370-4F58-95FD-D0E64E8FFF31}.Debug|x86.Build.0 = Debug|Win32
		{2D61D9FC-6370-4F58-95FD-D0E64E8FFF31}.Release|Any CPU.ActiveCfg = Release|x64
		{2D61D9FC-6370-4F58-95FD-D0E64E8FFF31}.Release|Any CPU.Build.0 = Release|x64
		{2D61D9FC-6370-4F58-95FD-D0E64E8FFF31}.Release|x64.ActiveCfg = Release|x64
		{2D61D9FC-6370-4F58-95FD-D0E64E8FFF31}.Release|x64.Build.0 = Release|x64
		{2D61D9FC-6370-4F58-95FD-D0E64E8FFF31}.Release|x86.ActiveCfg = Release|Win32
		{2D61D9FC-6370-4F58-95FD-D0E64E8FFF31}.Release|x86.Build.0 = Release|Win32
		{79DEAAF3-6FC3-4F4C-8DD2-3AB9D829D40A}.Debug|Any CPU.ActiveCfg = Debug|x64
		{79DEAAF3-6FC3-4F4C-8DD2-3AB9D829D40A}.Debug|Any CPU.Build.0 = Debug|x64
		{79DEAAF3-6FC3-4F4C-8DD2-3AB9D829D40A}.Debug|x64.ActiveCfg = Debug|x64
		{79DEAAF3-6FC3-4F4C-8DD2-3AB9D829D40A}.Debug|x64.Build.0 = Debug|x64
		{79DEAAF3-6FC3-4F4C-8DD2-3AB9D829D40A}.Debug|x86.ActiveCfg = Debug|Win32
		{79DEAAF3-6FC3-4F4C-8DD2-3AB9D829D40A}.Debug|x86.Build.0 = Debug|Win32
		{79DEAAF3-6FC3-4F4C-8DD2-3AB9D829D40A}.Release|Any CPU.ActiveCfg = Release|x64
		{79DEAAF3-6FC3-4F4C-8DD2-3AB9D829D40A}.Release|Any CPU.Build.0 = Release|x64
		{79DEAAF3-6FC3-4F4C-8DD2-3AB9D829D40A}.Release|x64.ActiveCfg = Release|x64
		{79DEAAF3-6FC3-4F4C-8DD2-3AB9D829D40A}.Release|x64.Build.0 = Release|x64
		{79DEAAF3-6FC3-4F4C-8DD2-3AB9D829D40A}.Release|x86.ActiveCfg = Release|Win32
		{79DEAAF3-6FC3-4F4C-8DD2-3AB9D829D40A}.Release|x86.Build.0 = Release|Win32
		{EEED8380-8100-42EE-ABAC-E23360BBCF0E}.Debug|Any CPU.ActiveCfg = Debug|x64
		{EEED8380-8100-42EE-ABAC-E23360BBCF0E}.Debug|Any CPU.Build.0 = Debug|x64
		{EEED8380-8100-42EE-ABAC-E23360BBCF0E}.Debug|x64.ActiveCfg = Debug|x64
		{EEED8380-8100-42EE-ABAC-E23360BBCF0E}.Debug|x64.Build.0 = Debug|x64
		{EEED8380-8100-42EE-ABAC-E23360BBCF0E}.Debug|x86.ActiveCfg = Debug|Win32
		{EEED8380-8100-42EE-ABAC-E23360BBCF0E}.Debug|x86.Build.0 = Debug|Win32
		{EEED8380-8100-42EE-ABAC-E23360BBCF0E}.Release|Any CPU.ActiveCfg = Release|x64
		{EEED8380-8100-42EE-ABAC-E23360BBCF0E}.Release|Any CPU.Build.0 = Release|x64
		{EEED8380-8100-42EE-ABAC-E23360BBCF0E}.Release|x64.ActiveCfg = Release|x64
		{EEED8380-8100-42EE-ABAC-E23360BBCF0E}.Release|x64.Build.0 = Release|x64
		{EEED8380-8100-42EE-ABAC-E23360BBCF0E}.Release|x86.ActiveCfg = Release|Win32
		{EEED8380-8100-42EE-ABAC-E23360BBCF0E}.Release|x86.Build.0 = Release|Win32
		{C10C8C97-FEFE-4523-82DC-C236D64569C0}.Debug|Any CPU.ActiveCfg = Debug|x64
		{C10C8C97-FEFE-4523-82DC-C236D64569C0}.Debug|Any CPU.Build.0 = Debug|x64
		{C10C8C97-FEFE-4523-82DC-C236D64569C0}.Debug|x64.ActiveCfg = Debug|x64
		{C10C8C97-FEFE-4523-82DC-C236D64569C0}.Debug|x64.Build.0 = Debug|x64
		{C10C8C97-FEFE-4523-82DC-C236D64569C0}.Debug|x86.ActiveCfg = Debug|Win32
		{C10C8C97-FEFE-4523-82DC-C236D64569C0}.Debug|x86.Build.0 = Debug|Win32
		{C10C8C97-FEFE-4523-82DC-C236D64569C0}.Release|Any CPU.ActiveCfg = Release|x64
		{C10C8C97-FEFE-4523-82DC-C236D64569C0}.Release|Any CPU.Build.0 = Release|x64
		{C10C8C97-FEFE-4523-82DC-C236D64569C0}.Release|x64.ActiveCfg = Release|x64
		{C10C8C97-FEFE-4523-82DC-C236D64569C0}.Release|x64.Build.0 = Release|x64
		{C10C8C97-FEFE-4523-82DC-C236D64569C0}.Release|x86.ActiveCfg = Release|Win32
		{C10C8C97-FEFE-4523-82DC-C236D64569C0}.Release|x86.Build.0 = Release|Win32
		{246ED689-9E5B-4E7C-9439-4BC4964E393B}.Debug|Any CPU.ActiveCfg = Debug|x64
		{246ED689-9E5B-4E7C-9439-4BC4964E393B}.Debug|Any CPU.Build.0 = Debug|x64
		{246ED689-9E5B-4E7C-9439-4BC4964E393B}.Debug|x64.ActiveCfg = Debug|x64
		{246ED689-9E5B-4E7C-9439-4BC4964E393B}.Debug|x64.Build.0 = Debug|x64
		{246ED689-9E5B-4E7C-9439-4BC4964E393B}.Debug|x86.ActiveCfg = Debug|Win32
		{246ED689-9E5B-4E7C-9439-4BC4964E393B}.Debug|x86.Build.0 = Debug|Win32
		{246ED689-9E5B-4E7C-9439-4BC4964E393B}.Release|Any CPU.ActiveCfg = Release|x64
		{246ED689-9E5B-4E7C-9439-4BC4964E393B}.Release|Any CPU.Build.0 = Release|x64
		{246ED689-9E5B-4E7C-9439-4BC4964E393B}.Release|x64.ActiveCfg = Release|x64
		{246ED689-9E5B-4E7C-9439-4BC4964E393B}.Release|x64.Build.0 = Release|x64
		{246ED689-9E5B-4E7C-9439-4BC4964E393B}.Release|x86.ActiveCfg = Release|Win32
		{246ED689-9E5B-4E7C-9439-4BC4964E393B}.Release|x86.Build.0 = Release|Win32
		{94D864F3-B355-4E77-9EC2-9DA673B39114}.Debug|Any CPU.ActiveCfg = Debug|x64
		{94D864F3-B355-4E77-9EC2-9DA673B39114}.Debug|Any CPU.Build.0 = Debug|x64
		{94D864F3-B355-4E77-9EC2-9DA673B39114}.Debug|x64.ActiveCfg = Debug|x64
		{94D864F3-B355-4E77-9EC2-9DA673B39114}.Debug|x64.Build.0 = Debug|x64
		{94D864F3-B355-4E77-9EC2-9DA673B39114}.Debug|x86.ActiveCfg = Debug|Win32
		{94D864F3-B355-4E77-9EC2-9DA673B39114}.Debug|x86.Build.0 = Debug|Win32
		{94D864F3-B355-4E77-9EC2-9DA673B39114}.Release|Any CPU.ActiveCfg = Release|x64
		{94D864F3-B355-4E77-9EC2-9DA673B39114}.Release|Any CPU.Build.0 = Release|x64
		{94D864F3-B355-4E77-9EC2-9DA673B39114}.Release|x64.ActiveCfg = Release|x64
		{94D864F3-B355-4E77-9EC2-9DA673B39114}.Release|x64.Build.0 = Release|x64
		{94D864F3-B355-4E77-9EC2-9DA673B39114}.Release|x86.ActiveCfg = Release|Win32
		{94D864F3-B355-4E77-9EC2-9DA673B39114}.Release|x86.Build.0 = Release|Win32
		{8C6C7DEC-2553-4D0D-9EE6-BCBE057EFAD5}.Debug|Any CPU.ActiveCfg = Debug|x64
		{8C6C7DEC-2553-4D0D-9EE6-BCBE057EFAD5}.Debug|Any CPU.Build.0 = Debug|x64
		{8C6C7DEC-2553-4D0D-9EE6-BCBE057EFAD5}.Debug|x64.ActiveCfg = Debug|x64
		{8C6C7DEC-2553-4D0D-9EE6-BCBE057EFAD5}.Debug|x64.Build.0 = Debug|x64
		{8C6C7DEC-2553-4D0D-9EE6-BCBE057EFAD5}.Debug|x86.ActiveCfg = Debug|Win32
		{8C6C7DEC-2553-4D0D-9EE6-BCBE057EFAD5}.Debug|x86.Build.0 = Debug|Win32
		{8C6C7DEC-2553-4D0D-9EE6-BCBE057EFAD5}.Release|Any CPU.ActiveCfg = Release|x64
		{8C6C7DEC-2553-4D0D-9EE6-BCBE057EFAD5}.Release|Any CPU.Build.0 = Release|x64
		{8C6C7DEC-2553-4D0D-9EE6-BCBE057EFAD5}.Release|x64.ActiveCfg = Release|x64
		{8C6C7DEC-2553-4D0D-9EE6-BCBE057EFAD5}.Release|x64.Build.0 = Release|x64
		{8C6C7DEC-2553-4D0D-9EE6-BCBE057EFAD5}.Release|x86.ActiveCfg = Release|Win32
		{8C6C7DEC-2553-4D0D-9EE6-BCBE057EFAD5}.Release|x86.Build.0 = Release|Win32
		{3A3214D3-7F51-4351-B6B2-62770D390A00}.Debug|Any CPU.ActiveCfg = Debug|x64
		{3A3214D3-7F51-4351-B6B2-62770D390A00}.Debug|Any CPU.Build.0 = Debug|x64
		{3A3214D3-7F51-4351-B6B2-62770D390A00}.Debug|x64.ActiveCfg = Debug|x64
		{3A3214D3-7F51-4351-B6B2-62770D390A00}.Debug|x64.Build.0 = Debug|x64
		{3A3214D3-7F51-4351-B6B2-62770D390A00}.Debug|x86.ActiveCfg = Debug|Win32
		{3A3214D3-7F51-4351-B6B2-62770D390A00}.Debug|x86.Build.0 = Debug|Win32
		{3A3214D3-7F51-4351-B6B2-62770D390A00}.Release|Any CPU.ActiveCfg = Release|x64
		{3A3214D3-7F51-4351-B6B2-62770D390A00}.Release|Any CPU.Build.0 = Release|x64
		{3A3214D3-7F51-4351-B6B2-62770D390A00}.Release|x64.ActiveCfg = Release|x64
		{3A3214D3-7F51-4351-B6B2-62770D390A00}.Release|x64.Build.0 = Release|x64
		{3A3214D3-7F51-4351-B6B2-62770D390A00}.Release|x86.ActiveCfg = Release|Win32
		{3A3214D3-7F51-4351-B6B2-62770D390A00}.Release|x86.Build.0 = Release|Win32
		{626D357D-9888-4C72-A309-DE19E11D89E6}.Debug|Any CPU.ActiveCfg = Debug|x64
		{626D357D-9888-4C72-A309-DE19E11D89E6}.Debug|Any CPU.Build.0 = Debug|x64
		{626D357D-9888-4C72-A309-DE19E11D89E6}.Debug|x64.ActiveCfg = Debug|x64
		{626D357D-9888-4C72-A309-DE19E11D89E6}.Debug|x64.Build.0 = Debug|x64
		{626D357D-9888-4C72-A309-DE19E11D89E6}.Debug|x86.ActiveCfg = Debug|Win32
		{626D357D-9888-4C72-A309-DE19E11D89E6}.Debug|x86.Build.0 = Debug|Win32
		{626D357D-9888-4C72-A309-DE19E11D89E6}.Release|Any CPU.ActiveCfg = Release|x64
		{626D357D-9888-4C72-A309-DE19E11D89E6}.Release|Any CPU.Build.0 = Release|x64
		{626D357D-9888-4C72-A309-DE19E11D89E6}.Release|x64.ActiveCfg = Release|x64
		{626D357D-9888-4C72-A309-DE19E11D89E6}.Release|x64.Build.0 = Release|x64
		{626D357D-9888-4C72-A309-DE19E11D89E6}.Release|x86.ActiveCfg = Release|Win32
		{626D357D-9888-4C72-A309-DE19E11D89E6}.Release|x86.Build.0 = Release|Win32
		{B0F596E6-B77B-4ECD-9CFA-A2F6E1B940EB}.Debug|Any CPU.ActiveCfg = Debug|x64
		{B0F596E6-B77B-4ECD-9CFA-A2F6E1B940EB}.Debug|Any CPU.Build.0 = Debug|x64
		{B0F596E6-B77B-4ECD-9CFA-A2F6E1B940EB}.Debug|x64.ActiveCfg = Debug|x64
		{B0F596E6-B77B-4ECD-9CFA-A2F6E1B940EB}.Debug|x64.Build.0 = Debug|x64
		{B0F596E6-B77B-4ECD-9CFA-A2F6E1B940EB}.Debug|x86.ActiveCfg = Debug|Win32
		{B0F596E6-B77B-4ECD-9CFA-A2F6E1B940EB}.Debug|x86.Build.0 = Debug|Win32
		{B0F596E6-B77B-4ECD-9CFA-A2F6E1B940EB}.Release|Any CPU.ActiveCfg = Release|x64
		{B0F596E6-B77B-4ECD-9CFA-A2F6E1B940EB}.Release|Any CPU.Build.0 = Release|x64
		{B0F596E6-B77B-4ECD-9CFA-A2F6E1B940EB}.Release|x64.ActiveCfg = Release|x64
		{B0F596E6-B77B-4ECD-9CFA-A2F6E1B940EB}.Release|x64.Build.0 = Release|x64
		{B0F596E6-B77B-4ECD-9CFA-A2F6E1B940EB}.Release|x86.ActiveCfg = Release|Win32
		{B0F596E6-B77B-4ECD-9CFA-A2F6E1B940EB}.Release|x86.Build.0 = Release|Win32
	EndGlobalSection
	GlobalSection(SolutionProperties) = preSolution
		HideSolutionNode = FALSE
	EndGlobalSection
	GlobalSection(NestedProjects) = preSolution
		{833F43D4-4730-4D6F-9EE9-661273B96BC5} = {729ECE93-CDA0-40D5-BC9B-A7F5934D05AF}
		{839C5CA7-FA84-4147-AF60-1C7BDDFF2F67} = {729ECE93-CDA0-40D5-BC9B-A7F5934D05AF}
		{884BFE4D-CAE6-4B74-AF82-5C9C255328D0} = {729ECE93-CDA0-40D5-BC9B-A7F5934D05AF}
		{318CDF04-7583-40CE-AF93-F40B603BCA04} = {729ECE93-CDA0-40D5-BC9B-A7F5934D05AF}
		{9630AF67-1848-46A3-9553-171468B69CB2} = {729ECE93-CDA0-40D5-BC9B-A7F5934D05AF}
		{A6806E03-0E67-4287-9855-E3407551AF70} = {C174ED14-6C2E-493C-92AA-6C8D2D048703}
		{5137A04D-6778-40B5-966A-8F164059782B} = {729ECE93-CDA0-40D5-BC9B-A7F5934D05AF}
		{20A35587-5DEF-4C60-8FBA-2FAD1368A4BA} = {729ECE93-CDA0-40D5-BC9B-A7F5934D05AF}
		{DA4871E0-D15B-4690-9C7F-CA1D65C8B4C0} = {729ECE93-CDA0-40D5-BC9B-A7F5934D05AF}
		{28D0FE14-8B05-4FCD-B5E8-BFCD4C5FDB34} = {2C546B53-7028-4BC1-9F5A-49DEB6179A91}
		{6410666C-B5B4-4CD6-9710-082257B5BA7E} = {2C546B53-7028-4BC1-9F5A-49DEB6179A91}
		{0F781232-A031-4A39-8A0F-9CC38A363E1D} = {2C546B53-7028-4BC1-9F5A-49DEB6179A91}
		{F13D1DCC-620F-40A2-AB39-D23D832EBA91} = {1746DE8E-6354-4CFD-BD96-FC7288B2C85B}
		{6478F10D-2A2F-4A01-8650-CE7E1E9B69CC} = {1746DE8E-6354-4CFD-BD96-FC7288B2C85B}
		{6274DAD1-143E-4BD5-967B-5C05FD56926D} = {B54E4376-2C6A-4E7E-BDD3-D8DF9547D554}
		{DCA48B58-2FF1-4566-88CC-3554648BA466} = {B54E4376-2C6A-4E7E-BDD3-D8DF9547D554}
		{8DCD11A1-0A18-4F5B-B4A7-36708BAC3A77} = {B54E4376-2C6A-4E7E-BDD3-D8DF9547D554}
		{DA0BF846-A372-4B45-9D70-D0C4113229F0} = {B54E4376-2C6A-4E7E-BDD3-D8DF9547D554}
		{1B227098-8684-4F37-9EE5-483B3A56F4E0} = {C174ED14-6C2E-493C-92AA-6C8D2D048703}
		{79A71C3B-AFB3-4882-9BD5-6BE054FFE463} = {1EB960F8-32B1-49B1-B560-43D0620CE751}
		{CFE7AD9C-7FB6-41C3-8F92-C2BC0A6178AC} = {1EB960F8-32B1-49B1-B560-43D0620CE751}
		{FAB7FF49-EECC-4053-A7D6-A93374512D65} = {1EB960F8-32B1-49B1-B560-43D0620CE751}
		{BDBC0BC3-3D33-4EBE-8393-8C2B92DDCF23} = {1EB960F8-32B1-49B1-B560-43D0620CE751}
		{55806A28-6FA2-4CCB-898E-E45A44CAD3F0} = {C174ED14-6C2E-493C-92AA-6C8D2D048703}
		{F9F36E65-91E5-47BB-9035-1E5428C7EF45} = {F0FC676E-6700-4231-A1CA-7A9F6F489159}
		{2D61D9FC-6370-4F58-95FD-D0E64E8FFF31} = {F0FC676E-6700-4231-A1CA-7A9F6F489159}
		{79DEAAF3-6FC3-4F4C-8DD2-3AB9D829D40A} = {F0FC676E-6700-4231-A1CA-7A9F6F489159}
		{EEED8380-8100-42EE-ABAC-E23360BBCF0E} = {F0FC676E-6700-4231-A1CA-7A9F6F489159}
		{C10C8C97-FEFE-4523-82DC-C236D64569C0} = {EB1BDCC9-445E-403E-8D1A-9AB6FB5D143C}
		{246ED689-9E5B-4E7C-9439-4BC4964E393B} = {F0FC676E-6700-4231-A1CA-7A9F6F489159}
		{94D864F3-B355-4E77-9EC2-9DA673B39114} = {891A31C2-D5D7-42CA-80DD-0608573F4197}
		{8C6C7DEC-2553-4D0D-9EE6-BCBE057EFAD5} = {891A31C2-D5D7-42CA-80DD-0608573F4197}
		{3A3214D3-7F51-4351-B6B2-62770D390A00} = {891A31C2-D5D7-42CA-80DD-0608573F4197}
		{B0F596E6-B77B-4ECD-9CFA-A2F6E1B940EB} = {891A31C2-D5D7-42CA-80DD-0608573F4197}
	EndGlobalSection
	GlobalSection(ExtensibilityGlobals) = postSolution
		SolutionGuid = {458FE48D-9FF9-4A05-AB85-E141A2A00D25}
	EndGlobalSection
EndGlobal
